
Microsoft Visual Studio Solution File, Format Version 12.00
# Visual Studio Version 17
VisualStudioVersion = 17.0.31912.275
MinimumVisualStudioVersion = 10.0.40219.1
Project("{FAE04EC0-301F-11D3-BF4B-00C04F79EFBC}") = "TreeView", "TreeView\TreeView.csproj", "{84B0F6B8-16B5-4ADF-819B-C38F58A50277}"
EndProject
Global
	GlobalSection(SolutionConfigurationPlatforms) = preSolution
		Debug|Any CPU = Debug|Any CPU
		Release|Any CPU = Release|Any CPU
	EndGlobalSection
	GlobalSection(ProjectConfigurationPlatforms) = postSolution
		{84B0F6B8-16B5-4ADF-819B-C38F58A50277}.Debug|Any CPU.ActiveCfg = Debug|Any CPU
		{84B0F6B8-16B5-4ADF-819B-C38F58A50277}.Debug|Any CPU.Build.0 = Debug|Any CPU
		{84B0F6B8-16B5-4ADF-819B-C38F58A50277}.Release|Any CPU.ActiveCfg = Release|Any CPU
		{84B0F6B8-16B5-4ADF-819B-C38F58A50277}.Release|Any CPU.Build.0 = Release|Any CPU
	EndGlobalSection
	GlobalSection(SolutionProperties) = preSolution
		HideSolutionNode = FALSE
	EndGlobalSection
	GlobalSection(ExtensibilityGlobals) = postSolution
		SolutionGuid = {ECA432E7-E7B0-44D1-B783-BED68E994F7B}
	EndGlobalSection
EndGlobal
